
Microsoft Visual Studio Solution File, Format Version 12.00
# Visual Studio 15
Project("{FAE04EC0-301F-11D3-BF4B-00C04F79EFBC}") = "Assembly-CSharp", "Assembly-CSharp.csproj", "{00DE94FC-86D9-0B6D-63FD-5869C01E7D62}"
EndProject
Project("{FAE04EC0-301F-11D3-BF4B-00C04F79EFBC}") = "Assembly-CSharp-firstpass", "Assembly-CSharp-firstpass.csproj", "{35DA35CF-AA1C-5550-C228-047ECBA9C6BB}"
EndProject
Global
	GlobalSection(SolutionConfigurationPlatforms) = preSolution
		Debug|Any CPU = Debug|Any CPU
		Release|Any CPU = Release|Any CPU
	EndGlobalSection
	GlobalSection(ProjectConfigurationPlatforms) = postSolution
		{00DE94FC-86D9-0B6D-63FD-5869C01E7D62}.Debug|Any CPU.ActiveCfg = Debug|Any CPU
		{00DE94FC-86D9-0B6D-63FD-5869C01E7D62}.Debug|Any CPU.Build.0 = Debug|Any CPU
		{00DE94FC-86D9-0B6D-63FD-5869C01E7D62}.Release|Any CPU.ActiveCfg = Release|Any CPU
		{00DE94FC-86D9-0B6D-63FD-5869C01E7D62}.Release|Any CPU.Build.0 = Release|Any CPU
		{35DA35CF-AA1C-5550-C228-047ECBA9C6BB}.Debug|Any CPU.ActiveCfg = Debug|Any CPU
		{35DA35CF-AA1C-5550-C228-047ECBA9C6BB}.Debug|Any CPU.Build.0 = Debug|Any CPU
		{35DA35CF-AA1C-5550-C228-047ECBA9C6BB}.Release|Any CPU.ActiveCfg = Release|Any CPU
		{35DA35CF-AA1C-5550-C228-047ECBA9C6BB}.Release|Any CPU.Build.0 = Release|Any CPU
	EndGlobalSection
	GlobalSection(SolutionProperties) = preSolution
		HideSolutionNode = FALSE
	EndGlobalSection
EndGlobal
